uuid: 5184bcec-2710-48fe-9de9-7db4ae837242
langcode: ru
status: true
dependencies:
  config:
    - views.view.staffing
  module:
    - system
    - views
  theme:
    - cheerful_tan
id: instructors_block
theme: cheerful_tan
region: content
weight: -2
provider: null
plugin: 'views_block:staffing-instructors_block'
settings:
  id: 'views_block:staffing-instructors_block'
  label: ''
  label_display: '0'
  provider: views
  views_label: ''
  items_per_page: null
visibility:
  request_path:
    id: request_path
    negate: false
    pages: '<front>'
